
Microsoft Visual Studio Solution File, Format Version 12.00
# Visual Studio Version 17
VisualStudioVersion = 17.5.002.0
MinimumVisualStudioVersion = 10.0.40219.1
Project("{2150E333-8FDC-42A3-9474-1A3956D46DE8}") = "prepare", "prepare", "{DB21171E-C9C3-4B6B-A51A-8C0E665B5BA7}"
EndProject
Project("{9A19103F-16F7-4668-BE54-9A1E7A4F7556}") = "Learning02", "prepare\Learning02\Learning02.csproj", "{17EB6C01-389A-4108-B5D5-7E3A69189DCC}"
EndProject
Project("{9A19103F-16F7-4668-BE54-9A1E7A4F7556}") = "Learning05", "prepare\Learning05\Learning05.csproj", "{DBF53EA6-4EEE-41F3-9A46-4B4CAEDB0729}"
EndProject
Project("{9A19103F-16F7-4668-BE54-9A1E7A4F7556}") = "Learning04", "prepare\Learning04\Learning04.csproj", "{5B4239EE-9308-4494-87CC-2CA89C3D18C0}"
EndProject
Project("{9A19103F-16F7-4668-BE54-9A1E7A4F7556}") = "Learning03", "prepare\Learning03\Learning03.csproj", "{7A1351C8-8593-43D3-8620-1697B0384CA4}"
EndProject
Project("{2150E333-8FDC-42A3-9474-1A3956D46DE8}") = "prove", "prove", "{F1560236-D5B8-4D48-A731-0728A44D1377}"
EndProject
Project("{9A19103F-16F7-4668-BE54-9A1E7A4F7556}") = "Develop03", "prove\Develop03\Develop03.csproj", "{F37E0FEA-0541-4E56-BEBE-F1DD3B0056DB}"
EndProject
Project("{9A19103F-16F7-4668-BE54-9A1E7A4F7556}") = "Develop04", "prove\Develop04\Develop04.csproj", "{6875C5DD-14C7-471A-B9DA-3291553EAD24}"
EndProject
Project("{9A19103F-16F7-4668-BE54-9A1E7A4F7556}") = "Develop05", "prove\Develop05\Develop05.csproj", "{2B65DD6E-1193-4D1B-92A8-E9FCE6010F49}"
EndProject
Project("{9A19103F-16F7-4668-BE54-9A1E7A4F7556}") = "Develop02", "prove\Develop02\Develop02.csproj", "{A4F64F61-D0D4-43D2-9B91-EF493B8D808A}"
EndProject
Project("{2150E333-8FDC-42A3-9474-1A3956D46DE8}") = "sandbox", "sandbox", "{3A484834-4CD5-4A95-8F36-BAE447CFB3B8}"
EndProject
Project("{9A19103F-16F7-4668-BE54-9A1E7A4F7556}") = "Sandbox", "sandbox\Sandbox\Sandbox.csproj", "{15B5D1B2-FF6A-41FD-AB8F-B7D1E83C4775}"
EndProject
Project("{2150E333-8FDC-42A3-9474-1A3956D46DE8}") = "final", "final", "{F5AD43AF-83A8-48C9-A51E-13330F15D1A2}"
EndProject
Project("{9A19103F-16F7-4668-BE54-9A1E7A4F7556}") = "FinalProject", "final\FinalProject\FinalProject.csproj", "{4A64FCD5-E467-439F-8F59-E5AD328FEC69}"
EndProject
Project("{9A19103F-16F7-4668-BE54-9A1E7A4F7556}") = "Foundation1", "final\Foundation1\Foundation1.csproj", "{6E9AB002-8C11-4053-961A-C9D61D3C14DA}"
EndProject
Project("{9A19103F-16F7-4668-BE54-9A1E7A4F7556}") = "Foundation4", "final\Foundation4\Foundation4.csproj", "{552982B6-5176-4A0C-8A0D-B99699555EE5}"
EndProject
Project("{9A19103F-16F7-4668-BE54-9A1E7A4F7556}") = "Foundation3", "final\Foundation3\Foundation3.csproj", "{30288BE6-92E5-4E1A-B7AE-EACA20D6F240}"
EndProject
Project("{9A19103F-16F7-4668-BE54-9A1E7A4F7556}") = "Foundation2", "final\Foundation2\Foundation2.csproj", "{001E3EB4-CEBB-4C3A-8B49-F1D2BFE45F1C}"
EndProject
Project("{2150E333-8FDC-42A3-9474-1A3956D46DE8}") = "csharp-prep", "csharp-prep", "{0CCA3D0D-19FD-4A69-96BD-9BAAD7E0E2F5}"
EndProject
Project("{9A19103F-16F7-4668-BE54-9A1E7A4F7556}") = "Prep1", "csharp-prep\Prep1\Prep1.csproj", "{AF730D52-1D68-44AA-B3F3-E228E275CEE4}"
EndProject
Project("{9A19103F-16F7-4668-BE54-9A1E7A4F7556}") = "Prep5", "csharp-prep\Prep5\Prep5.csproj", "{9A6BE12E-F46E-475D-B048-80F22D1EFE25}"
EndProject
Project("{9A19103F-16F7-4668-BE54-9A1E7A4F7556}") = "Prep2", "csharp-prep\Prep2\Prep2.csproj", "{2C596B36-67A1-400F-826E-641F0F19EA32}"
EndProject
Project("{9A19103F-16F7-4668-BE54-9A1E7A4F7556}") = "Prep3", "csharp-prep\Prep3\Prep3.csproj", "{B7F0F54D-C123-4E30-811B-E7123C48B9F0}"
EndProject
Project("{9A19103F-16F7-4668-BE54-9A1E7A4F7556}") = "Prep4", "csharp-prep\Prep4\Prep4.csproj", "{62EF7334-BE3B-4EE7-98DB-AA87BA4C1E25}"
EndProject
Global
	GlobalSection(SolutionConfigurationPlatforms) = preSolution
		Debug|Any CPU = Debug|Any CPU
		Release|Any CPU = Release|Any CPU
	EndGlobalSection
	GlobalSection(ProjectConfigurationPlatforms) = postSolution
		{17EB6C01-389A-4108-B5D5-7E3A69189DCC}.Debug|Any CPU.ActiveCfg = Debug|Any CPU
		{17EB6C01-389A-4108-B5D5-7E3A69189DCC}.Debug|Any CPU.Build.0 = Debug|Any CPU
		{17EB6C01-389A-4108-B5D5-7E3A69189DCC}.Release|Any CPU.ActiveCfg = Release|Any CPU
		{17EB6C01-389A-4108-B5D5-7E3A69189DCC}.Release|Any CPU.Build.0 = Release|Any CPU
		{DBF53EA6-4EEE-41F3-9A46-4B4CAEDB0729}.Debug|Any CPU.ActiveCfg = Debug|Any CPU
		{DBF53EA6-4EEE-41F3-9A46-4B4CAEDB0729}.Debug|Any CPU.Build.0 = Debug|Any CPU
		{DBF53EA6-4EEE-41F3-9A46-4B4CAEDB0729}.Release|Any CPU.ActiveCfg = Release|Any CPU
		{DBF53EA6-4EEE-41F3-9A46-4B4CAEDB0729}.Release|Any CPU.Build.0 = Release|Any CPU
		{5B4239EE-9308-4494-87CC-2CA89C3D18C0}.Debug|Any CPU.ActiveCfg = Debug|Any CPU
		{5B4239EE-9308-4494-87CC-2CA89C3D18C0}.Debug|Any CPU.Build.0 = Debug|Any CPU
		{5B4239EE-9308-4494-87CC-2CA89C3D18C0}.Release|Any CPU.ActiveCfg = Release|Any CPU
		{5B4239EE-9308-4494-87CC-2CA89C3D18C0}.Release|Any CPU.Build.0 = Release|Any CPU
		{7A1351C8-8593-43D3-8620-1697B0384CA4}.Debug|Any CPU.ActiveCfg = Debug|Any CPU
		{7A1351C8-8593-43D3-8620-1697B0384CA4}.Debug|Any CPU.Build.0 = Debug|Any CPU
		{7A1351C8-8593-43D3-8620-1697B0384CA4}.Release|Any CPU.ActiveCfg = Release|Any CPU
		{7A1351C8-8593-43D3-8620-1697B0384CA4}.Release|Any CPU.Build.0 = Release|Any CPU
		{F37E0FEA-0541-4E56-BEBE-F1DD3B0056DB}.Debug|Any CPU.ActiveCfg = Debug|Any CPU
		{F37E0FEA-0541-4E56-BEBE-F1DD3B0056DB}.Debug|Any CPU.Build.0 = Debug|Any CPU
		{F37E0FEA-0541-4E56-BEBE-F1DD3B0056DB}.Release|Any CPU.ActiveCfg = Release|Any CPU
		{F37E0FEA-0541-4E56-BEBE-F1DD3B0056DB}.Release|Any CPU.Build.0 = Release|Any CPU
		{6875C5DD-14C7-471A-B9DA-3291553EAD24}.Debug|Any CPU.ActiveCfg = Debug|Any CPU
		{6875C5DD-14C7-471A-B9DA-3291553EAD24}.Debug|Any CPU.Build.0 = Debug|Any CPU
		{6875C5DD-14C7-471A-B9DA-3291553EAD24}.Release|Any CPU.ActiveCfg = Release|Any CPU
		{6875C5DD-14C7-471A-B9DA-3291553EAD24}.Release|Any CPU.Build.0 = Release|Any CPU
		{2B65DD6E-1193-4D1B-92A8-E9FCE6010F49}.Debug|Any CPU.ActiveCfg = Debug|Any CPU
		{2B65DD6E-1193-4D1B-92A8-E9FCE6010F49}.Debug|Any CPU.Build.0 = Debug|Any CPU
		{2B65DD6E-1193-4D1B-92A8-E9FCE6010F49}.Release|Any CPU.ActiveCfg = Release|Any CPU
		{2B65DD6E-1193-4D1B-92A8-E9FCE6010F49}.Release|Any CPU.Build.0 = Release|Any CPU
		{A4F64F61-D0D4-43D2-9B91-EF493B8D808A}.Debug|Any CPU.ActiveCfg = Debug|Any CPU
		{A4F64F61-D0D4-43D2-9B91-EF493B8D808A}.Debug|Any CPU.Build.0 = Debug|Any CPU
		{A4F64F61-D0D4-43D2-9B91-EF493B8D808A}.Release|Any CPU.ActiveCfg = Release|Any CPU
		{A4F64F61-D0D4-43D2-9B91-EF493B8D808A}.Release|Any CPU.Build.0 = Release|Any CPU
		{15B5D1B2-FF6A-41FD-AB8F-B7D1E83C4775}.Debug|Any CPU.ActiveCfg = Debug|Any CPU
		{15B5D1B2-FF6A-41FD-AB8F-B7D1E83C4775}.Debug|Any CPU.Build.0 = Debug|Any CPU
		{15B5D1B2-FF6A-41FD-AB8F-B7D1E83C4775}.Release|Any CPU.ActiveCfg = Release|Any CPU
		{15B5D1B2-FF6A-41FD-AB8F-B7D1E83C4775}.Release|Any CPU.Build.0 = Release|Any CPU
		{4A64FCD5-E467-439F-8F59-E5AD328FEC69}.Debug|Any CPU.ActiveCfg = Debug|Any CPU
		{4A64FCD5-E467-439F-8F59-E5AD328FEC69}.Debug|Any CPU.Build.0 = Debug|Any CPU
		{4A64FCD5-E467-439F-8F59-E5AD328FEC69}.Release|Any CPU.ActiveCfg = Release|Any CPU
		{4A64FCD5-E467-439F-8F59-E5AD328FEC69}.Release|Any CPU.Build.0 = Release|Any CPU
		{6E9AB002-8C11-4053-961A-C9D61D3C14DA}.Debug|Any CPU.ActiveCfg = Debug|Any CPU
		{6E9AB002-8C11-4053-961A-C9D61D3C14DA}.Debug|Any CPU.Build.0 = Debug|Any CPU
		{6E9AB002-8C11-4053-961A-C9D61D3C14DA}.Release|Any CPU.ActiveCfg = Release|Any CPU
		{6E9AB002-8C11-4053-961A-C9D61D3C14DA}.Release|Any CPU.Build.0 = Release|Any CPU
		{552982B6-5176-4A0C-8A0D-B99699555EE5}.Debug|Any CPU.ActiveCfg = Debug|Any CPU
		{552982B6-5176-4A0C-8A0D-B99699555EE5}.Debug|Any CPU.Build.0 = Debug|Any CPU
		{552982B6-5176-4A0C-8A0D-B99699555EE5}.Release|Any CPU.ActiveCfg = Release|Any CPU
		{552982B6-5176-4A0C-8A0D-B99699555EE5}.Release|Any CPU.Build.0 = Release|Any CPU
		{30288BE6-92E5-4E1A-B7AE-EACA20D6F240}.Debug|Any CPU.ActiveCfg = Debug|Any CPU
		{30288BE6-92E5-4E1A-B7AE-EACA20D6F240}.Debug|Any CPU.Build.0 = Debug|Any CPU
		{30288BE6-92E5-4E1A-B7AE-EACA20D6F240}.Release|Any CPU.ActiveCfg = Release|Any CPU
		{30288BE6-92E5-4E1A-B7AE-EACA20D6F240}.Release|Any CPU.Build.0 = Release|Any CPU
		{001E3EB4-CEBB-4C3A-8B49-F1D2BFE45F1C}.Debug|Any CPU.ActiveCfg = Debug|Any CPU
		{001E3EB4-CEBB-4C3A-8B49-F1D2BFE45F1C}.Debug|Any CPU.Build.0 = Debug|Any CPU
		{001E3EB4-CEBB-4C3A-8B49-F1D2BFE45F1C}.Release|Any CPU.ActiveCfg = Release|Any CPU
		{001E3EB4-CEBB-4C3A-8B49-F1D2BFE45F1C}.Release|Any CPU.Build.0 = Release|Any CPU
		{AF730D52-1D68-44AA-B3F3-E228E275CEE4}.Debug|Any CPU.ActiveCfg = Debug|Any CPU
		{AF730D52-1D68-44AA-B3F3-E228E275CEE4}.Debug|Any CPU.Build.0 = Debug|Any CPU
		{AF730D52-1D68-44AA-B3F3-E228E275CEE4}.Release|Any CPU.ActiveCfg = Release|Any CPU
		{AF730D52-1D68-44AA-B3F3-E228E275CEE4}.Release|Any CPU.Build.0 = Release|Any CPU
		{9A6BE12E-F46E-475D-B048-80F22D1EFE25}.Debug|Any CPU.ActiveCfg = Debug|Any CPU
		{9A6BE12E-F46E-475D-B048-80F22D1EFE25}.Debug|Any CPU.Build.0 = Debug|Any CPU
		{9A6BE12E-F46E-475D-B048-80F22D1EFE25}.Release|Any CPU.ActiveCfg = Release|Any CPU
		{9A6BE12E-F46E-475D-B048-80F22D1EFE25}.Release|Any CPU.Build.0 = Release|Any CPU
		{2C596B36-67A1-400F-826E-641F0F19EA32}.Debug|Any CPU.ActiveCfg = Debug|Any CPU
		{2C596B36-67A1-400F-826E-641F0F19EA32}.Debug|Any CPU.Build.0 = Debug|Any CPU
		{2C596B36-67A1-400F-826E-641F0F19EA32}.Release|Any CPU.ActiveCfg = Release|Any CPU
		{2C596B36-67A1-400F-826E-641F0F19EA32}.Release|Any CPU.Build.0 = Release|Any CPU
		{B7F0F54D-C123-4E30-811B-E7123C48B9F0}.Debug|Any CPU.ActiveCfg = Debug|Any CPU
		{B7F0F54D-C123-4E30-811B-E7123C48B9F0}.Debug|Any CPU.Build.0 = Debug|Any CPU
		{B7F0F54D-C123-4E30-811B-E7123C48B9F0}.Release|Any CPU.ActiveCfg = Release|Any CPU
		{B7F0F54D-C123-4E30-811B-E7123C48B9F0}.Release|Any CPU.Build.0 = Release|Any CPU
		{62EF7334-BE3B-4EE7-98DB-AA87BA4C1E25}.Debug|Any CPU.ActiveCfg = Debug|Any CPU
		{62EF7334-BE3B-4EE7-98DB-AA87BA4C1E25}.Debug|Any CPU.Build.0 = Debug|Any CPU
		{62EF7334-BE3B-4EE7-98DB-AA87BA4C1E25}.Release|Any CPU.ActiveCfg = Release|Any CPU
		{62EF7334-BE3B-4EE7-98DB-AA87BA4C1E25}.Release|Any CPU.Build.0 = Release|Any CPU
	EndGlobalSection
	GlobalSection(SolutionProperties) = preSolution
		HideSolutionNode = FALSE
	EndGlobalSection
	GlobalSection(NestedProjects) = preSolution
		{17EB6C01-389A-4108-B5D5-7E3A69189DCC} = {DB21171E-C9C3-4B6B-A51A-8C0E665B5BA7}
		{DBF53EA6-4EEE-41F3-9A46-4B4CAEDB0729} = {DB21171E-C9C3-4B6B-A51A-8C0E665B5BA7}
		{5B4239EE-9308-4494-87CC-2CA89C3D18C0} = {DB21171E-C9C3-4B6B-A51A-8C0E665B5BA7}
		{7A1351C8-8593-43D3-8620-1697B0384CA4} = {DB21171E-C9C3-4B6B-A51A-8C0E665B5BA7}
		{F37E0FEA-0541-4E56-BEBE-F1DD3B0056DB} = {F1560236-D5B8-4D48-A731-0728A44D1377}
		{6875C5DD-14C7-471A-B9DA-3291553EAD24} = {F1560236-D5B8-4D48-A731-0728A44D1377}
		{2B65DD6E-1193-4D1B-92A8-E9FCE6010F49} = {F1560236-D5B8-4D48-A731-0728A44D1377}
		{A4F64F61-D0D4-43D2-9B91-EF493B8D808A} = {F1560236-D5B8-4D48-A731-0728A44D1377}
		{15B5D1B2-FF6A-41FD-AB8F-B7D1E83C4775} = {3A484834-4CD5-4A95-8F36-BAE447CFB3B8}
		{4A64FCD5-E467-439F-8F59-E5AD328FEC69} = {F5AD43AF-83A8-48C9-A51E-13330F15D1A2}
		{6E9AB002-8C11-4053-961A-C9D61D3C14DA} = {F5AD43AF-83A8-48C9-A51E-13330F15D1A2}
		{552982B6-5176-4A0C-8A0D-B99699555EE5} = {F5AD43AF-83A8-48C9-A51E-13330F15D1A2}
		{30288BE6-92E5-4E1A-B7AE-EACA20D6F240} = {F5AD43AF-83A8-48C9-A51E-13330F15D1A2}
		{001E3EB4-CEBB-4C3A-8B49-F1D2BFE45F1C} = {F5AD43AF-83A8-48C9-A51E-13330F15D1A2}
		{AF730D52-1D68-44AA-B3F3-E228E275CEE4} = {0CCA3D0D-19FD-4A69-96BD-9BAAD7E0E2F5}
		{9A6BE12E-F46E-475D-B048-80F22D1EFE25} = {0CCA3D0D-19FD-4A69-96BD-9BAAD7E0E2F5}
		{2C596B36-67A1-400F-826E-641F0F19EA32} = {0CCA3D0D-19FD-4A69-96BD-9BAAD7E0E2F5}
		{B7F0F54D-C123-4E30-811B-E7123C48B9F0} = {0CCA3D0D-19FD-4A69-96BD-9BAAD7E0E2F5}
		{62EF7334-BE3B-4EE7-98DB-AA87BA4C1E25} = {0CCA3D0D-19FD-4A69-96BD-9BAAD7E0E2F5}
	EndGlobalSection
	GlobalSection(ExtensibilityGlobals) = postSolution
		SolutionGuid = {B1275C36-B704-4AEB-B9A1-360E7F4267A7}
	EndGlobalSection
EndGlobal
